// !$*UTF8*$!
{
	archiveVersion = 1;
	classes = {
	};
	objectVersion = 56;
	objects = {

/* Begin PBXBuildFile section */
		46143D51FC4E216121969331 /* Pods_Spotify_Clone.framework in Frameworks */ = {isa = PBXBuildFile; fileRef = 5A5B516426D2821C25DAF828 /* Pods_Spotify_Clone.framework */; };
		8B06B5E62B6AEB2400BACFAA /* AuthResponse.swift in Sources */ = {isa = PBXBuildFile; fileRef = 8B06B5E52B6AEB2400BACFAA /* AuthResponse.swift */; };
		8B22B9572B49ED11009998F1 /* Extensions.swift in Sources */ = {isa = PBXBuildFile; fileRef = 8B22B9562B49ED11009998F1 /* Extensions.swift */; };
		8B290C5E2B43463C00839DAC /* TabBarViewController.swift in Sources */ = {isa = PBXBuildFile; fileRef = 8B290C5D2B43463C00839DAC /* TabBarViewController.swift */; };
		8B290C622B4346AC00839DAC /* SearchViewController.swift in Sources */ = {isa = PBXBuildFile; fileRef = 8B290C612B4346AC00839DAC /* SearchViewController.swift */; };
		8B290C642B4346C500839DAC /* LibraryViewController.swift in Sources */ = {isa = PBXBuildFile; fileRef = 8B290C632B4346C500839DAC /* LibraryViewController.swift */; };
		8B290C682B43477100839DAC /* AuthViewController.swift in Sources */ = {isa = PBXBuildFile; fileRef = 8B290C672B43477100839DAC /* AuthViewController.swift */; };
		8B290C6A2B43477B00839DAC /* WelcomeViewController.swift in Sources */ = {isa = PBXBuildFile; fileRef = 8B290C692B43477B00839DAC /* WelcomeViewController.swift */; };
		8B290C6C2B43479F00839DAC /* SettingsViewController.swift in Sources */ = {isa = PBXBuildFile; fileRef = 8B290C6B2B43479F00839DAC /* SettingsViewController.swift */; };
		8B290C6E2B4347A400839DAC /* ProfileViewController.swift in Sources */ = {isa = PBXBuildFile; fileRef = 8B290C6D2B4347A400839DAC /* ProfileViewController.swift */; };
		8B290C702B4347AE00839DAC /* PlayerViewController.swift in Sources */ = {isa = PBXBuildFile; fileRef = 8B290C6F2B4347AE00839DAC /* PlayerViewController.swift */; };
		8B290C722B4347BB00839DAC /* PlaylistViewController.swift in Sources */ = {isa = PBXBuildFile; fileRef = 8B290C712B4347BB00839DAC /* PlaylistViewController.swift */; };
		8B290C742B4347D000839DAC /* SearchResultsViewController.swift in Sources */ = {isa = PBXBuildFile; fileRef = 8B290C732B4347D000839DAC /* SearchResultsViewController.swift */; };
		8B290C762B4347ED00839DAC /* AuthManager.swift in Sources */ = {isa = PBXBuildFile; fileRef = 8B290C752B4347ED00839DAC /* AuthManager.swift */; };
		8B290C782B4347FB00839DAC /* APICaller.swift in Sources */ = {isa = PBXBuildFile; fileRef = 8B290C772B4347FB00839DAC /* APICaller.swift */; };
		8B290C7A2B43481100839DAC /* HapticsManager.swift in Sources */ = {isa = PBXBuildFile; fileRef = 8B290C792B43481100839DAC /* HapticsManager.swift */; };
		8B290C7C2B434B5000839DAC /* Playlist.swift in Sources */ = {isa = PBXBuildFile; fileRef = 8B290C7B2B434B5000839DAC /* Playlist.swift */; };
		8B290C7E2B434B5800839DAC /* AudioTrack.swift in Sources */ = {isa = PBXBuildFile; fileRef = 8B290C7D2B434B5800839DAC /* AudioTrack.swift */; };
		8B290C802B434B5F00839DAC /* Artist.swift in Sources */ = {isa = PBXBuildFile; fileRef = 8B290C7F2B434B5F00839DAC /* Artist.swift */; };
		8B290C822B434B6B00839DAC /* UserProfile.swift in Sources */ = {isa = PBXBuildFile; fileRef = 8B290C812B434B6B00839DAC /* UserProfile.swift */; };
		8B4E014D2B2F6E680004A0FA /* AppDelegate.swift in Sources */ = {isa = PBXBuildFile; fileRef = 8B4E014C2B2F6E680004A0FA /* AppDelegate.swift */; };
		8B4E014F2B2F6E680004A0FA /* SceneDelegate.swift in Sources */ = {isa = PBXBuildFile; fileRef = 8B4E014E2B2F6E680004A0FA /* SceneDelegate.swift */; };
		8B4E01512B2F6E680004A0FA /* HomeViewController.swift in Sources */ = {isa = PBXBuildFile; fileRef = 8B4E01502B2F6E680004A0FA /* HomeViewController.swift */; };
		8B4E01562B2F6E690004A0FA /* Assets.xcassets in Resources */ = {isa = PBXBuildFile; fileRef = 8B4E01552B2F6E690004A0FA /* Assets.xcassets */; };
		8B4E01592B2F6E690004A0FA /* LaunchScreen.storyboard in Resources */ = {isa = PBXBuildFile; fileRef = 8B4E01572B2F6E690004A0FA /* LaunchScreen.storyboard */; };
		FB1AAAE72B6C276800D46E3E /* SettingsModels.swift in Sources */ = {isa = PBXBuildFile; fileRef = FB1AAAE62B6C276800D46E3E /* SettingsModels.swift */; };
		FB1AAAE92B6C363400D46E3E /* StringLocalization.swift in Sources */ = {isa = PBXBuildFile; fileRef = FB1AAAE82B6C363400D46E3E /* StringLocalization.swift */; };
		FB1AAAEC2B6C3EB500D46E3E /* SDWebImage in Frameworks */ = {isa = PBXBuildFile; productRef = FB1AAAEB2B6C3EB500D46E3E /* SDWebImage */; };
		FB1AAAEE2B6C3EB500D46E3E /* SDWebImageMapKit in Frameworks */ = {isa = PBXBuildFile; productRef = FB1AAAED2B6C3EB500D46E3E /* SDWebImageMapKit */; };
/* End PBXBuildFile section */

/* Begin PBXFileReference section */
		1C7104739FE86EE52D86A957 /* Pods-Spotify-Clone.debug.xcconfig */ = {isa = PBXFileReference; includeInIndex = 1; lastKnownFileType = text.xcconfig; name = "Pods-Spotify-Clone.debug.xcconfig"; path = "Target Support Files/Pods-Spotify-Clone/Pods-Spotify-Clone.debug.xcconfig"; sourceTree = "<group>"; };
		5A5B516426D2821C25DAF828 /* Pods_Spotify_Clone.framework */ = {isa = PBXFileReference; explicitFileType = wrapper.framework; includeInIndex = 0; path = Pods_Spotify_Clone.framework; sourceTree = BUILT_PRODUCTS_DIR; };
		8B06B5E52B6AEB2400BACFAA /* AuthResponse.swift */ = {isa = PBXFileReference; lastKnownFileType = sourcecode.swift; path = AuthResponse.swift; sourceTree = "<group>"; };
		8B22B9562B49ED11009998F1 /* Extensions.swift */ = {isa = PBXFileReference; lastKnownFileType = sourcecode.swift; path = Extensions.swift; sourceTree = "<group>"; };
		8B290C5D2B43463C00839DAC /* TabBarViewController.swift */ = {isa = PBXFileReference; lastKnownFileType = sourcecode.swift; path = TabBarViewController.swift; sourceTree = "<group>"; };
		8B290C612B4346AC00839DAC /* SearchViewController.swift */ = {isa = PBXFileReference; lastKnownFileType = sourcecode.swift; path = SearchViewController.swift; sourceTree = "<group>"; };
		8B290C632B4346C500839DAC /* LibraryViewController.swift */ = {isa = PBXFileReference; lastKnownFileType = sourcecode.swift; path = LibraryViewController.swift; sourceTree = "<group>"; };
		8B290C672B43477100839DAC /* AuthViewController.swift */ = {isa = PBXFileReference; lastKnownFileType = sourcecode.swift; path = AuthViewController.swift; sourceTree = "<group>"; };
		8B290C692B43477B00839DAC /* WelcomeViewController.swift */ = {isa = PBXFileReference; lastKnownFileType = sourcecode.swift; path = WelcomeViewController.swift; sourceTree = "<group>"; };
		8B290C6B2B43479F00839DAC /* SettingsViewController.swift */ = {isa = PBXFileReference; lastKnownFileType = sourcecode.swift; path = SettingsViewController.swift; sourceTree = "<group>"; };
		8B290C6D2B4347A400839DAC /* ProfileViewController.swift */ = {isa = PBXFileReference; lastKnownFileType = sourcecode.swift; path = ProfileViewController.swift; sourceTree = "<group>"; };
		8B290C6F2B4347AE00839DAC /* PlayerViewController.swift */ = {isa = PBXFileReference; lastKnownFileType = sourcecode.swift; path = PlayerViewController.swift; sourceTree = "<group>"; };
		8B290C712B4347BB00839DAC /* PlaylistViewController.swift */ = {isa = PBXFileReference; lastKnownFileType = sourcecode.swift; path = PlaylistViewController.swift; sourceTree = "<group>"; };
		8B290C732B4347D000839DAC /* SearchResultsViewController.swift */ = {isa = PBXFileReference; lastKnownFileType = sourcecode.swift; path = SearchResultsViewController.swift; sourceTree = "<group>"; };
		8B290C752B4347ED00839DAC /* AuthManager.swift */ = {isa = PBXFileReference; lastKnownFileType = sourcecode.swift; path = AuthManager.swift; sourceTree = "<group>"; };
		8B290C772B4347FB00839DAC /* APICaller.swift */ = {isa = PBXFileReference; lastKnownFileType = sourcecode.swift; path = APICaller.swift; sourceTree = "<group>"; };
		8B290C792B43481100839DAC /* HapticsManager.swift */ = {isa = PBXFileReference; lastKnownFileType = sourcecode.swift; path = HapticsManager.swift; sourceTree = "<group>"; };
		8B290C7B2B434B5000839DAC /* Playlist.swift */ = {isa = PBXFileReference; lastKnownFileType = sourcecode.swift; path = Playlist.swift; sourceTree = "<group>"; };
		8B290C7D2B434B5800839DAC /* AudioTrack.swift */ = {isa = PBXFileReference; lastKnownFileType = sourcecode.swift; path = AudioTrack.swift; sourceTree = "<group>"; };
		8B290C7F2B434B5F00839DAC /* Artist.swift */ = {isa = PBXFileReference; lastKnownFileType = sourcecode.swift; path = Artist.swift; sourceTree = "<group>"; };
		8B290C812B434B6B00839DAC /* UserProfile.swift */ = {isa = PBXFileReference; lastKnownFileType = sourcecode.swift; path = UserProfile.swift; sourceTree = "<group>"; };
		8B4E01492B2F6E680004A0FA /* Spotify-Clone.app */ = {isa = PBXFileReference; explicitFileType = wrapper.application; includeInIndex = 0; path = "Spotify-Clone.app"; sourceTree = BUILT_PRODUCTS_DIR; };
		8B4E014C2B2F6E680004A0FA /* AppDelegate.swift */ = {isa = PBXFileReference; lastKnownFileType = sourcecode.swift; path = AppDelegate.swift; sourceTree = "<group>"; };
		8B4E014E2B2F6E680004A0FA /* SceneDelegate.swift */ = {isa = PBXFileReference; lastKnownFileType = sourcecode.swift; path = SceneDelegate.swift; sourceTree = "<group>"; };
		8B4E01502B2F6E680004A0FA /* HomeViewController.swift */ = {isa = PBXFileReference; lastKnownFileType = sourcecode.swift; path = HomeViewController.swift; sourceTree = "<group>"; };
		8B4E01552B2F6E690004A0FA /* Assets.xcassets */ = {isa = PBXFileReference; lastKnownFileType = folder.assetcatalog; path = Assets.xcassets; sourceTree = "<group>"; };
		8B4E01582B2F6E690004A0FA /* Base */ = {isa = PBXFileReference; lastKnownFileType = file.storyboard; name = Base; path = Base.lproj/LaunchScreen.storyboard; sourceTree = "<group>"; };
		8B4E015A2B2F6E690004A0FA /* Info.plist */ = {isa = PBXFileReference; lastKnownFileType = text.plist.xml; path = Info.plist; sourceTree = "<group>"; };
		B6AD59B46811211430FBABE9 /* Pods-Spotify-Clone.release.xcconfig */ = {isa = PBXFileReference; includeInIndex = 1; lastKnownFileType = text.xcconfig; name = "Pods-Spotify-Clone.release.xcconfig"; path = "Target Support Files/Pods-Spotify-Clone/Pods-Spotify-Clone.release.xcconfig"; sourceTree = "<group>"; };
		FB1AAAE62B6C276800D46E3E /* SettingsModels.swift */ = {isa = PBXFileReference; lastKnownFileType = sourcecode.swift; path = SettingsModels.swift; sourceTree = "<group>"; };
		FB1AAAE82B6C363400D46E3E /* StringLocalization.swift */ = {isa = PBXFileReference; lastKnownFileType = sourcecode.swift; path = StringLocalization.swift; sourceTree = "<group>"; };
/* End PBXFileReference section */

/* Begin PBXFrameworksBuildPhase section */
		8B4E01462B2F6E680004A0FA /* Frameworks */ = {
			isa = PBXFrameworksBuildPhase;
			buildActionMask = 2147483647;
			files = (
				FB1AAAEE2B6C3EB500D46E3E /* SDWebImageMapKit in Frameworks */,
				FB1AAAEC2B6C3EB500D46E3E /* SDWebImage in Frameworks */,
				46143D51FC4E216121969331 /* Pods_Spotify_Clone.framework in Frameworks */,
			);
			runOnlyForDeploymentPostprocessing = 0;
		};
/* End PBXFrameworksBuildPhase section */

/* Begin PBXGroup section */
		2ED211CEFB7A7BF70D96817F /* Pods */ = {
			isa = PBXGroup;
			children = (
				1C7104739FE86EE52D86A957 /* Pods-Spotify-Clone.debug.xcconfig */,
				B6AD59B46811211430FBABE9 /* Pods-Spotify-Clone.release.xcconfig */,
			);
			name = Pods;
			path = Pods;
			sourceTree = "<group>";
		};
		4A753097B17D89895EBDA0B5 /* Frameworks */ = {
			isa = PBXGroup;
			children = (
				5A5B516426D2821C25DAF828 /* Pods_Spotify_Clone.framework */,
			);
			name = Frameworks;
			sourceTree = "<group>";
		};
		8B290C652B4346DB00839DAC /* Core */ = {
			isa = PBXGroup;
			children = (
				8B290C5D2B43463C00839DAC /* TabBarViewController.swift */,
				8B4E01502B2F6E680004A0FA /* HomeViewController.swift */,
				8B290C612B4346AC00839DAC /* SearchViewController.swift */,
				8B290C632B4346C500839DAC /* LibraryViewController.swift */,
			);
			path = Core;
			sourceTree = "<group>";
		};
		8B290C662B43475A00839DAC /* Others */ = {
			isa = PBXGroup;
			children = (
				8B290C672B43477100839DAC /* AuthViewController.swift */,
				8B290C692B43477B00839DAC /* WelcomeViewController.swift */,
				8B290C6B2B43479F00839DAC /* SettingsViewController.swift */,
				8B290C6D2B4347A400839DAC /* ProfileViewController.swift */,
				8B290C6F2B4347AE00839DAC /* PlayerViewController.swift */,
				8B290C712B4347BB00839DAC /* PlaylistViewController.swift */,
				8B290C732B4347D000839DAC /* SearchResultsViewController.swift */,
			);
			path = Others;
			sourceTree = "<group>";
		};
		8B4E01402B2F6E680004A0FA = {
			isa = PBXGroup;
			children = (
				8B4E014B2B2F6E680004A0FA /* Spotify-Clone */,
				8B4E014A2B2F6E680004A0FA /* Products */,
				2ED211CEFB7A7BF70D96817F /* Pods */,
				4A753097B17D89895EBDA0B5 /* Frameworks */,
			);
			sourceTree = "<group>";
		};
		8B4E014A2B2F6E680004A0FA /* Products */ = {
			isa = PBXGroup;
			children = (
				8B4E01492B2F6E680004A0FA /* Spotify-Clone.app */,
			);
			name = Products;
			sourceTree = "<group>";
		};
		8B4E014B2B2F6E680004A0FA /* Spotify-Clone */ = {
			isa = PBXGroup;
			children = (
				8B4E01672B2F73700004A0FA /* Resources */,
				8B4E01662B2F731D0004A0FA /* Managers */,
				8B4E01622B2F72990004A0FA /* Models */,
				8B4E01642B2F72E60004A0FA /* Views */,
				FB1AAAE52B6C26FD00D46E3E /* ViewModels */,
				8B4E01602B2F728B0004A0FA /* Controllers */,
				8B4E015A2B2F6E690004A0FA /* Info.plist */,
			);
			path = "Spotify-Clone";
			sourceTree = "<group>";
		};
		8B4E01602B2F728B0004A0FA /* Controllers */ = {
			isa = PBXGroup;
			children = (
				8B290C662B43475A00839DAC /* Others */,
				8B290C652B4346DB00839DAC /* Core */,
			);
			path = Controllers;
			sourceTree = "<group>";
		};
		8B4E01622B2F72990004A0FA /* Models */ = {
			isa = PBXGroup;
			children = (
				8B290C7B2B434B5000839DAC /* Playlist.swift */,
				8B290C7D2B434B5800839DAC /* AudioTrack.swift */,
				8B290C7F2B434B5F00839DAC /* Artist.swift */,
				8B290C812B434B6B00839DAC /* UserProfile.swift */,
				8B06B5E52B6AEB2400BACFAA /* AuthResponse.swift */,
				FB1AAAE62B6C276800D46E3E /* SettingsModels.swift */,
			);
			path = Models;
			sourceTree = "<group>";
		};
		8B4E01642B2F72E60004A0FA /* Views */ = {
			isa = PBXGroup;
			children = (
				8B4E01572B2F6E690004A0FA /* LaunchScreen.storyboard */,
			);
			path = Views;
			sourceTree = "<group>";
		};
		8B4E01662B2F731D0004A0FA /* Managers */ = {
			isa = PBXGroup;
			children = (
				8B290C752B4347ED00839DAC /* AuthManager.swift */,
				8B290C772B4347FB00839DAC /* APICaller.swift */,
				8B290C792B43481100839DAC /* HapticsManager.swift */,
			);
			path = Managers;
			sourceTree = "<group>";
		};
		8B4E01672B2F73700004A0FA /* Resources */ = {
			isa = PBXGroup;
			children = (
				8B4E014C2B2F6E680004A0FA /* AppDelegate.swift */,
				8B4E014E2B2F6E680004A0FA /* SceneDelegate.swift */,
				8B4E01552B2F6E690004A0FA /* Assets.xcassets */,
				8B22B9562B49ED11009998F1 /* Extensions.swift */,
				FB1AAAE82B6C363400D46E3E /* StringLocalization.swift */,
			);
			path = Resources;
			sourceTree = "<group>";
		};
		FB1AAAE52B6C26FD00D46E3E /* ViewModels */ = {
			isa = PBXGroup;
			children = (
			);
			path = ViewModels;
			sourceTree = "<group>";
		};
/* End PBXGroup section */

/* Begin PBXNativeTarget section */
		8B4E01482B2F6E680004A0FA /* Spotify-Clone */ = {
			isa = PBXNativeTarget;
			buildConfigurationList = 8B4E015D2B2F6E690004A0FA /* Build configuration list for PBXNativeTarget "Spotify-Clone" */;
			buildPhases = (
				4C7E27CED38AE3FE5E32E3E7 /* [CP] Check Pods Manifest.lock */,
				8B4E01452B2F6E680004A0FA /* Sources */,
				8B4E01462B2F6E680004A0FA /* Frameworks */,
				8B4E01472B2F6E680004A0FA /* Resources */,
				F34F90DA2E7F52A3CD7AABFE /* [CP] Embed Pods Frameworks */,
			);
			buildRules = (
			);
			dependencies = (
			);
			name = "Spotify-Clone";
			packageProductDependencies = (
				FB1AAAEB2B6C3EB500D46E3E /* SDWebImage */,
				FB1AAAED2B6C3EB500D46E3E /* SDWebImageMapKit */,
			);
			productName = "Spotify-Clone";
			productReference = 8B4E01492B2F6E680004A0FA /* Spotify-Clone.app */;
			productType = "com.apple.product-type.application";
		};
/* End PBXNativeTarget section */

/* Begin PBXProject section */
		8B4E01412B2F6E680004A0FA /* Project object */ = {
			isa = PBXProject;
			attributes = {
				BuildIndependentTargetsInParallel = 1;
				LastSwiftUpdateCheck = 1430;
				LastUpgradeCheck = 1430;
				TargetAttributes = {
					8B4E01482B2F6E680004A0FA = {
						CreatedOnToolsVersion = 14.3.1;
					};
				};
			};
			buildConfigurationList = 8B4E01442B2F6E680004A0FA /* Build configuration list for PBXProject "Spotify-Clone" */;
			compatibilityVersion = "Xcode 14.0";
			developmentRegion = en;
			hasScannedForEncodings = 0;
			knownRegions = (
				en,
				Base,
			);
			mainGroup = 8B4E01402B2F6E680004A0FA;
			packageReferences = (
				FB1AAAEA2B6C3EB500D46E3E /* XCRemoteSwiftPackageReference "SDWebImage" */,
			);
			productRefGroup = 8B4E014A2B2F6E680004A0FA /* Products */;
			projectDirPath = "";
			projectRoot = "";
			targets = (
				8B4E01482B2F6E680004A0FA /* Spotify-Clone */,
			);
		};
/* End PBXProject section */

/* Begin PBXResourcesBuildPhase section */
		8B4E01472B2F6E680004A0FA /* Resources */ = {
			isa = PBXResourcesBuildPhase;
			buildActionMask = 2147483647;
			files = (
				8B4E01592B2F6E690004A0FA /* LaunchScreen.storyboard in Resources */,
				8B4E01562B2F6E690004A0FA /* Assets.xcassets in Resources */,
			);
			runOnlyForDeploymentPostprocessing = 0;
		};
/* End PBXResourcesBuildPhase section */

/* Begin PBXShellScriptBuildPhase section */
		4C7E27CED38AE3FE5E32E3E7 /* [CP] Check Pods Manifest.lock */ = {
			isa = PBXShellScriptBuildPhase;
			buildActionMask = 2147483647;
			files = (
			);
			inputFileListPaths = (
			);
			inputPaths = (
				"${PODS_PODFILE_DIR_PATH}/Podfile.lock",
				"${PODS_ROOT}/Manifest.lock",
			);
			name = "[CP] Check Pods Manifest.lock";
			outputFileListPaths = (
			);
			outputPaths = (
				"$(DERIVED_FILE_DIR)/Pods-Spotify-Clone-checkManifestLockResult.txt",
			);
			runOnlyForDeploymentPostprocessing = 0;
			shellPath = /bin/sh;
			shellScript = "diff \"${PODS_PODFILE_DIR_PATH}/Podfile.lock\" \"${PODS_ROOT}/Manifest.lock\" > /dev/null\nif [ $? != 0 ] ; then\n    # print error to STDERR\n    echo \"error: The sandbox is not in sync with the Podfile.lock. Run 'pod install' or update your CocoaPods installation.\" >&2\n    exit 1\nfi\n# This output is used by Xcode 'outputs' to avoid re-running this script phase.\necho \"SUCCESS\" > \"${SCRIPT_OUTPUT_FILE_0}\"\n";
			showEnvVarsInLog = 0;
		};
		F34F90DA2E7F52A3CD7AABFE /* [CP] Embed Pods Frameworks */ = {
			isa = PBXShellScriptBuildPhase;
			buildActionMask = 2147483647;
			files = (
			);
			inputFileListPaths = (
				"${PODS_ROOT}/Target Support Files/Pods-Spotify-Clone/Pods-Spotify-Clone-frameworks-${CONFIGURATION}-input-files.xcfilelist",
			);
			name = "[CP] Embed Pods Frameworks";
			outputFileListPaths = (
				"${PODS_ROOT}/Target Support Files/Pods-Spotify-Clone/Pods-Spotify-Clone-frameworks-${CONFIGURATION}-output-files.xcfilelist",
			);
			runOnlyForDeploymentPostprocessing = 0;
			shellPath = /bin/sh;
			shellScript = "\"${PODS_ROOT}/Target Support Files/Pods-Spotify-Clone/Pods-Spotify-Clone-frameworks.sh\"\n";
			showEnvVarsInLog = 0;
		};
/* End PBXShellScriptBuildPhase section */

/* Begin PBXSourcesBuildPhase section */
		8B4E01452B2F6E680004A0FA /* Sources */ = {
			isa = PBXSourcesBuildPhase;
			buildActionMask = 2147483647;
			files = (
				8B290C622B4346AC00839DAC /* SearchViewController.swift in Sources */,
				8B290C822B434B6B00839DAC /* UserProfile.swift in Sources */,
				8B290C7C2B434B5000839DAC /* Playlist.swift in Sources */,
				8B290C762B4347ED00839DAC /* AuthManager.swift in Sources */,
				8B290C742B4347D000839DAC /* SearchResultsViewController.swift in Sources */,
				8B290C6A2B43477B00839DAC /* WelcomeViewController.swift in Sources */,
				8B290C6E2B4347A400839DAC /* ProfileViewController.swift in Sources */,
				8B290C5E2B43463C00839DAC /* TabBarViewController.swift in Sources */,
				FB1AAAE72B6C276800D46E3E /* SettingsModels.swift in Sources */,
				8B06B5E62B6AEB2400BACFAA /* AuthResponse.swift in Sources */,
				8B290C7A2B43481100839DAC /* HapticsManager.swift in Sources */,
				8B290C7E2B434B5800839DAC /* AudioTrack.swift in Sources */,
				8B4E01512B2F6E680004A0FA /* HomeViewController.swift in Sources */,
				8B290C682B43477100839DAC /* AuthViewController.swift in Sources */,
				8B4E014D2B2F6E680004A0FA /* AppDelegate.swift in Sources */,
				8B22B9572B49ED11009998F1 /* Extensions.swift in Sources */,
				8B290C642B4346C500839DAC /* LibraryViewController.swift in Sources */,
				8B290C802B434B5F00839DAC /* Artist.swift in Sources */,
				8B290C722B4347BB00839DAC /* PlaylistViewController.swift in Sources */,
				FB1AAAE92B6C363400D46E3E /* StringLocalization.swift in Sources */,
				8B4E014F2B2F6E680004A0FA /* SceneDelegate.swift in Sources */,
				8B290C702B4347AE00839DAC /* PlayerViewController.swift in Sources */,
				8B290C782B4347FB00839DAC /* APICaller.swift in Sources */,
				8B290C6C2B43479F00839DAC /* SettingsViewController.swift in Sources */,
			);
			runOnlyForDeploymentPostprocessing = 0;
		};
/* End PBXSourcesBuildPhase section */

/* Begin PBXVariantGroup section */
		8B4E01572B2F6E690004A0FA /* LaunchScreen.storyboard */ = {
			isa = PBXVariantGroup;
			children = (
				8B4E01582B2F6E690004A0FA /* Base */,
			);
			name = LaunchScreen.storyboard;
			sourceTree = "<group>";
		};
/* End PBXVariantGroup section */

/* Begin XCBuildConfiguration section */
		8B4E015B2B2F6E690004A0FA /* Debug */ = {
			isa = XCBuildConfiguration;
			buildSettings = {
				ALWAYS_SEARCH_USER_PATHS = NO;
				CLANG_ANALYZER_NONNULL = YES;
				CLANG_ANALYZER_NUMBER_OBJECT_CONVERSION = YES_AGGRESSIVE;
				CLANG_CXX_LANGUAGE_STANDARD = "gnu++20";
				CLANG_ENABLE_MODULES = YES;
				CLANG_ENABLE_OBJC_ARC = YES;
				CLANG_ENABLE_OBJC_WEAK = YES;
				CLANG_WARN_BLOCK_CAPTURE_AUTORELEASING = YES;
				CLANG_WARN_BOOL_CONVERSION = YES;
				CLANG_WARN_COMMA = YES;
				CLANG_WARN_CONSTANT_CONVERSION = YES;
				CLANG_WARN_DEPRECATED_OBJC_IMPLEMENTATIONS = YES;
				CLANG_WARN_DIRECT_OBJC_ISA_USAGE = YES_ERROR;
				CLANG_WARN_DOCUMENTATION_COMMENTS = YES;
				CLANG_WARN_EMPTY_BODY = YES;
				CLANG_WARN_ENUM_CONVERSION = YES;
				CLANG_WARN_INFINITE_RECURSION = YES;
				CLANG_WARN_INT_CONVERSION = YES;
				CLANG_WARN_NON_LITERAL_NULL_CONVERSION = YES;
				CLANG_WARN_OBJC_IMPLICIT_RETAIN_SELF = YES;
				CLANG_WARN_OBJC_LITERAL_CONVERSION = YES;
				CLANG_WARN_OBJC_ROOT_CLASS = YES_ERROR;
				CLANG_WARN_QUOTED_INCLUDE_IN_FRAMEWORK_HEADER = YES;
				CLANG_WARN_RANGE_LOOP_ANALYSIS = YES;
				CLANG_WARN_STRICT_PROTOTYPES = YES;
				CLANG_WARN_SUSPICIOUS_MOVE = YES;
				CLANG_WARN_UNGUARDED_AVAILABILITY = YES_AGGRESSIVE;
				CLANG_WARN_UNREACHABLE_CODE = YES;
				CLANG_WARN__DUPLICATE_METHOD_MATCH = YES;
				COPY_PHASE_STRIP = NO;
				DEBUG_INFORMATION_FORMAT = dwarf;
				ENABLE_STRICT_OBJC_MSGSEND = YES;
				ENABLE_TESTABILITY = YES;
				GCC_C_LANGUAGE_STANDARD = gnu11;
				GCC_DYNAMIC_NO_PIC = NO;
				GCC_NO_COMMON_BLOCKS = YES;
				GCC_OPTIMIZATION_LEVEL = 0;
				GCC_PREPROCESSOR_DEFINITIONS = (
					"DEBUG=1",
					"$(inherited)",
				);
				GCC_WARN_64_TO_32_BIT_CONVERSION = YES;
				GCC_WARN_ABOUT_RETURN_TYPE = YES_ERROR;
				GCC_WARN_UNDECLARED_SELECTOR = YES;
				GCC_WARN_UNINITIALIZED_AUTOS = YES_AGGRESSIVE;
				GCC_WARN_UNUSED_FUNCTION = YES;
				GCC_WARN_UNUSED_VARIABLE = YES;
				IPHONEOS_DEPLOYMENT_TARGET = 16.4;
				MTL_ENABLE_DEBUG_INFO = INCLUDE_SOURCE;
				MTL_FAST_MATH = YES;
				ONLY_ACTIVE_ARCH = YES;
				SDKROOT = iphoneos;
				SWIFT_ACTIVE_COMPILATION_CONDITIONS = DEBUG;
				SWIFT_OPTIMIZATION_LEVEL = "-Onone";
			};
			name = Debug;
		};
		8B4E015C2B2F6E690004A0FA /* Release */ = {
			isa = XCBuildConfiguration;
			buildSettings = {
				ALWAYS_SEARCH_USER_PATHS = NO;
				CLANG_ANALYZER_NONNULL = YES;
				CLANG_ANALYZER_NUMBER_OBJECT_CONVERSION = YES_AGGRESSIVE;
				CLANG_CXX_LANGUAGE_STANDARD = "gnu++20";
				CLANG_ENABLE_MODULES = YES;
				CLANG_ENABLE_OBJC_ARC = YES;
				CLANG_ENABLE_OBJC_WEAK = YES;
				CLANG_WARN_BLOCK_CAPTURE_AUTORELEASING = YES;
				CLANG_WARN_BOOL_CONVERSION = YES;
				CLANG_WARN_COMMA = YES;
				CLANG_WARN_CONSTANT_CONVERSION = YES;
				CLANG_WARN_DEPRECATED_OBJC_IMPLEMENTATIONS = YES;
				CLANG_WARN_DIRECT_OBJC_ISA_USAGE = YES_ERROR;
				CLANG_WARN_DOCUMENTATION_COMMENTS = YES;
				CLANG_WARN_EMPTY_BODY = YES;
				CLANG_WARN_ENUM_CONVERSION = YES;
				CLANG_WARN_INFINITE_RECURSION = YES;
				CLANG_WARN_INT_CONVERSION = YES;
				CLANG_WARN_NON_LITERAL_NULL_CONVERSION = YES;
				CLANG_WARN_OBJC_IMPLICIT_RETAIN_SELF = YES;
				CLANG_WARN_OBJC_LITERAL_CONVERSION = YES;
				CLANG_WARN_OBJC_ROOT_CLASS = YES_ERROR;
				CLANG_WARN_QUOTED_INCLUDE_IN_FRAMEWORK_HEADER = YES;
				CLANG_WARN_RANGE_LOOP_ANALYSIS = YES;
				CLANG_WARN_STRICT_PROTOTYPES = YES;
				CLANG_WARN_SUSPICIOUS_MOVE = YES;
				CLANG_WARN_UNGUARDED_AVAILABILITY = YES_AGGRESSIVE;
				CLANG_WARN_UNREACHABLE_CODE = YES;
				CLANG_WARN__DUPLICATE_METHOD_MATCH = YES;
				COPY_PHASE_STRIP = NO;
				DEBUG_INFORMATION_FORMAT = "dwarf-with-dsym";
				ENABLE_NS_ASSERTIONS = NO;
				ENABLE_STRICT_OBJC_MSGSEND = YES;
				GCC_C_LANGUAGE_STANDARD = gnu11;
				GCC_NO_COMMON_BLOCKS = YES;
				GCC_WARN_64_TO_32_BIT_CONVERSION = YES;
				GCC_WARN_ABOUT_RETURN_TYPE = YES_ERROR;
				GCC_WARN_UNDECLARED_SELECTOR = YES;
				GCC_WARN_UNINITIALIZED_AUTOS = YES_AGGRESSIVE;
				GCC_WARN_UNUSED_FUNCTION = YES;
				GCC_WARN_UNUSED_VARIABLE = YES;
				IPHONEOS_DEPLOYMENT_TARGET = 16.4;
				MTL_ENABLE_DEBUG_INFO = NO;
				MTL_FAST_MATH = YES;
				SDKROOT = iphoneos;
				SWIFT_COMPILATION_MODE = wholemodule;
				SWIFT_OPTIMIZATION_LEVEL = "-O";
				VALIDATE_PRODUCT = YES;
			};
			name = Release;
		};
		8B4E015E2B2F6E690004A0FA /* Debug */ = {
			isa = XCBuildConfiguration;
			baseConfigurationReference = 1C7104739FE86EE52D86A957 /* Pods-Spotify-Clone.debug.xcconfig */;
			buildSettings = {
				ASSETCATALOG_COMPILER_APPICON_NAME = AppIcon;
				ASSETCATALOG_COMPILER_GLOBAL_ACCENT_COLOR_NAME = AccentColor;
				CODE_SIGN_STYLE = Automatic;
				CURRENT_PROJECT_VERSION = 1;
				DEVELOPMENT_TEAM = HM232RT6TS;
				GENERATE_INFOPLIST_FILE = YES;
				INFOPLIST_FILE = "Spotify-Clone/Info.plist";
				INFOPLIST_KEY_UIApplicationSupportsIndirectInputEvents = YES;
				INFOPLIST_KEY_UILaunchStoryboardName = LaunchScreen;
				INFOPLIST_KEY_UISupportedInterfaceOrientations_iPad = "UIInterfaceOrientationPortrait UIInterfaceOrientationPortraitUpsideDown UIInterfaceOrientationLandscapeLeft UIInterfaceOrientationLandscapeRight";
				INFOPLIST_KEY_UISupportedInterfaceOrientations_iPhone = "UIInterfaceOrientationPortrait UIInterfaceOrientationLandscapeLeft UIInterfaceOrientationLandscapeRight";
				LD_RUNPATH_SEARCH_PATHS = (
					"$(inherited)",
					"@executable_path/Frameworks",
				);
				MARKETING_VERSION = 1.0;
				PRODUCT_BUNDLE_IDENTIFIER = "faltungg.Spotify-Clone";
				PRODUCT_NAME = "$(TARGET_NAME)";
				SWIFT_EMIT_LOC_STRINGS = YES;
				SWIFT_VERSION = 5.0;
				TARGETED_DEVICE_FAMILY = "1,2";
			};
			name = Debug;
		};
		8B4E015F2B2F6E690004A0FA /* Release */ = {
			isa = XCBuildConfiguration;
			baseConfigurationReference = B6AD59B46811211430FBABE9 /* Pods-Spotify-Clone.release.xcconfig */;
			buildSettings = {
				ASSETCATALOG_COMPILER_APPICON_NAME = AppIcon;
				ASSETCATALOG_COMPILER_GLOBAL_ACCENT_COLOR_NAME = AccentColor;
				CODE_SIGN_STYLE = Automatic;
				CURRENT_PROJECT_VERSION = 1;
				DEVELOPMENT_TEAM = HM232RT6TS;
				GENERATE_INFOPLIST_FILE = YES;
				INFOPLIST_FILE = "Spotify-Clone/Info.plist";
				INFOPLIST_KEY_UIApplicationSupportsIndirectInputEvents = YES;
				INFOPLIST_KEY_UILaunchStoryboardName = LaunchScreen;
				INFOPLIST_KEY_UISupportedInterfaceOrientations_iPad = "UIInterfaceOrientationPortrait UIInterfaceOrientationPortraitUpsideDown UIInterfaceOrientationLandscapeLeft UIInterfaceOrientationLandscapeRight";
				INFOPLIST_KEY_UISupportedInterfaceOrientations_iPhone = "UIInterfaceOrientationPortrait UIInterfaceOrientationLandscapeLeft UIInterfaceOrientationLandscapeRight";
				LD_RUNPATH_SEARCH_PATHS = (
					"$(inherited)",
					"@executable_path/Frameworks",
				);
				MARKETING_VERSION = 1.0;
				PRODUCT_BUNDLE_IDENTIFIER = "faltungg.Spotify-Clone";
				PRODUCT_NAME = "$(TARGET_NAME)";
				SWIFT_EMIT_LOC_STRINGS = YES;
				SWIFT_VERSION = 5.0;
				TARGETED_DEVICE_FAMILY = "1,2";
			};
			name = Release;
		};
/* End XCBuildConfiguration section */

/* Begin XCConfigurationList section */
		8B4E01442B2F6E680004A0FA /* Build configuration list for PBXProject "Spotify-Clone" */ = {
			isa = XCConfigurationList;
			buildConfigurations = (
				8B4E015B2B2F6E690004A0FA /* Debug */,
				8B4E015C2B2F6E690004A0FA /* Release */,
			);
			defaultConfigurationIsVisible = 0;
			defaultConfigurationName = Release;
		};
		8B4E015D2B2F6E690004A0FA /* Build configuration list for PBXNativeTarget "Spotify-Clone" */ = {
			isa = XCConfigurationList;
			buildConfigurations = (
				8B4E015E2B2F6E690004A0FA /* Debug */,
				8B4E015F2B2F6E690004A0FA /* Release */,
			);
			defaultConfigurationIsVisible = 0;
			defaultConfigurationName = Release;
		};
/* End XCConfigurationList section */

/* Begin XCRemoteSwiftPackageReference section */
		FB1AAAEA2B6C3EB500D46E3E /* XCRemoteSwiftPackageReference "SDWebImage" */ = {
			isa = XCRemoteSwiftPackageReference;
			repositoryURL = "https://github.com/SDWebImage/SDWebImage.git";
			requirement = {
				kind = upToNextMajorVersion;
				minimumVersion = 5.18.10;
			};
		};
/* End XCRemoteSwiftPackageReference section */

/* Begin XCSwiftPackageProductDependency section */
		FB1AAAEB2B6C3EB500D46E3E /* SDWebImage */ = {
			isa = XCSwiftPackageProductDependency;
			package = FB1AAAEA2B6C3EB500D46E3E /* XCRemoteSwiftPackageReference "SDWebImage" */;
			productName = SDWebImage;
		};
		FB1AAAED2B6C3EB500D46E3E /* SDWebImageMapKit */ = {
			isa = XCSwiftPackageProductDependency;
			package = FB1AAAEA2B6C3EB500D46E3E /* XCRemoteSwiftPackageReference "SDWebImage" */;
			productName = SDWebImageMapKit;
		};
/* End XCSwiftPackageProductDependency section */
	};
	rootObject = 8B4E01412B2F6E680004A0FA /* Project object */;
}
